
Microsoft Visual Studio Solution File, Format Version 12.00
# Visual Studio 15
VisualStudioVersion = 15.0.28010.2019
MinimumVisualStudioVersion = 10.0.40219.1
Project("{FAE04EC0-301F-11D3-BF4B-00C04F79EFBC}") = "OnTheSpotTestApp.Android", "OnTheSpotTestApp\OnTheSpotTestApp.Android\OnTheSpotTestApp.Android.csproj", "{AF4F838B-B283-489C-A94B-210338C41856}"
EndProject
Project("{FAE04EC0-301F-11D3-BF4B-00C04F79EFBC}") = "OnTheSpotTestApp.iOS", "OnTheSpotTestApp\OnTheSpotTestApp.iOS\OnTheSpotTestApp.iOS.csproj", "{8F35B43F-5B4E-45E4-A508-622863EBA411}"
EndProject
Project("{FAE04EC0-301F-11D3-BF4B-00C04F79EFBC}") = "OnTheSpotTestApp", "OnTheSpotTestApp\OnTheSpotTestApp\OnTheSpotTestApp.csproj", "{D9CCA7CB-7C59-4AF3-9AB5-C1B0EA96177B}"
EndProject
Global
	GlobalSection(SolutionConfigurationPlatforms) = preSolution
		Ad-Hoc|Any CPU = Ad-Hoc|Any CPU
		Ad-Hoc|iPhone = Ad-Hoc|iPhone
		Ad-Hoc|iPhoneSimulator = Ad-Hoc|iPhoneSimulator
		AppStore|Any CPU = AppStore|Any CPU
		AppStore|iPhone = AppStore|iPhone
		AppStore|iPhoneSimulator = AppStore|iPhoneSimulator
		Debug|Any CPU = Debug|Any CPU
		Debug|iPhone = Debug|iPhone
		Debug|iPhoneSimulator = Debug|iPhoneSimulator
		Release|Any CPU = Release|Any CPU
		Release|iPhone = Release|iPhone
		Release|iPhoneSimulator = Release|iPhoneSimulator
	EndGlobalSection
	GlobalSection(ProjectConfigurationPlatforms) = postSolution
		{AF4F838B-B283-489C-A94B-210338C41856}.Ad-Hoc|Any CPU.ActiveCfg = Release|Any CPU
		{AF4F838B-B283-489C-A94B-210338C41856}.Ad-Hoc|Any CPU.Build.0 = Release|Any CPU
		{AF4F838B-B283-489C-A94B-210338C41856}.Ad-Hoc|Any CPU.Deploy.0 = Release|Any CPU
		{AF4F838B-B283-489C-A94B-210338C41856}.Ad-Hoc|iPhone.ActiveCfg = Release|Any CPU
		{AF4F838B-B283-489C-A94B-210338C41856}.Ad-Hoc|iPhone.Build.0 = Release|Any CPU
		{AF4F838B-B283-489C-A94B-210338C41856}.Ad-Hoc|iPhone.Deploy.0 = Release|Any CPU
		{AF4F838B-B283-489C-A94B-210338C41856}.Ad-Hoc|iPhoneSimulator.ActiveCfg = Release|Any CPU
		{AF4F838B-B283-489C-A94B-210338C41856}.Ad-Hoc|iPhoneSimulator.Build.0 = Release|Any CPU
		{AF4F838B-B283-489C-A94B-210338C41856}.Ad-Hoc|iPhoneSimulator.Deploy.0 = Release|Any CPU
		{AF4F838B-B283-489C-A94B-210338C41856}.AppStore|Any CPU.ActiveCfg = Release|Any CPU
		{AF4F838B-B283-489C-A94B-210338C41856}.AppStore|Any CPU.Build.0 = Release|Any CPU
		{AF4F838B-B283-489C-A94B-210338C41856}.AppStore|Any CPU.Deploy.0 = Release|Any CPU
		{AF4F838B-B283-489C-A94B-210338C41856}.AppStore|iPhone.ActiveCfg = Release|Any CPU
		{AF4F838B-B283-489C-A94B-210338C41856}.AppStore|iPhone.Build.0 = Release|Any CPU
		{AF4F838B-B283-489C-A94B-210338C41856}.AppStore|iPhone.Deploy.0 = Release|Any CPU
		{AF4F838B-B283-489C-A94B-210338C41856}.AppStore|iPhoneSimulator.ActiveCfg = Release|Any CPU
		{AF4F838B-B283-489C-A94B-210338C41856}.AppStore|iPhoneSimulator.Build.0 = Release|Any CPU
		{AF4F838B-B283-489C-A94B-210338C41856}.AppStore|iPhoneSimulator.Deploy.0 = Release|Any CPU
		{AF4F838B-B283-489C-A94B-210338C41856}.Debug|Any CPU.ActiveCfg = Debug|Any CPU
		{AF4F838B-B283-489C-A94B-210338C41856}.Debug|Any CPU.Build.0 = Debug|Any CPU
		{AF4F838B-B283-489C-A94B-210338C41856}.Debug|Any CPU.Deploy.0 = Debug|Any CPU
		{AF4F838B-B283-489C-A94B-210338C41856}.Debug|iPhone.ActiveCfg = Debug|Any CPU
		{AF4F838B-B283-489C-A94B-210338C41856}.Debug|iPhone.Build.0 = Debug|Any CPU
		{AF4F838B-B283-489C-A94B-210338C41856}.Debug|iPhone.Deploy.0 = Debug|Any CPU
		{AF4F838B-B283-489C-A94B-210338C41856}.Debug|iPhoneSimulator.ActiveCfg = Debug|Any CPU
		{AF4F838B-B283-489C-A94B-210338C41856}.Debug|iPhoneSimulator.Build.0 = Debug|Any CPU
		{AF4F838B-B283-489C-A94B-210338C41856}.Debug|iPhoneSimulator.Deploy.0 = Debug|Any CPU
		{AF4F838B-B283-489C-A94B-210338C41856}.Release|Any CPU.ActiveCfg = Release|Any CPU
		{AF4F838B-B283-489C-A94B-210338C41856}.Release|Any CPU.Build.0 = Release|Any CPU
		{AF4F838B-B283-489C-A94B-210338C41856}.Release|Any CPU.Deploy.0 = Release|Any CPU
		{AF4F838B-B283-489C-A94B-210338C41856}.Release|iPhone.ActiveCfg = Release|Any CPU
		{AF4F838B-B283-489C-A94B-210338C41856}.Release|iPhone.Build.0 = Release|Any CPU
		{AF4F838B-B283-489C-A94B-210338C41856}.Release|iPhone.Deploy.0 = Release|Any CPU
		{AF4F838B-B283-489C-A94B-210338C41856}.Release|iPhoneSimulator.ActiveCfg = Release|Any CPU
		{AF4F838B-B283-489C-A94B-210338C41856}.Release|iPhoneSimulator.Build.0 = Release|Any CPU
		{AF4F838B-B283-489C-A94B-210338C41856}.Release|iPhoneSimulator.Deploy.0 = Release|Any CPU
		{8F35B43F-5B4E-45E4-A508-622863EBA411}.Ad-Hoc|Any CPU.ActiveCfg = Ad-Hoc|iPhone
		{8F35B43F-5B4E-45E4-A508-622863EBA411}.Ad-Hoc|Any CPU.Build.0 = Ad-Hoc|iPhone
		{8F35B43F-5B4E-45E4-A508-622863EBA411}.Ad-Hoc|Any CPU.Deploy.0 = Ad-Hoc|iPhone
		{8F35B43F-5B4E-45E4-A508-622863EBA411}.Ad-Hoc|iPhone.ActiveCfg = Ad-Hoc|iPhone
		{8F35B43F-5B4E-45E4-A508-622863EBA411}.Ad-Hoc|iPhone.Build.0 = Ad-Hoc|iPhone
		{8F35B43F-5B4E-45E4-A508-622863EBA411}.Ad-Hoc|iPhone.Deploy.0 = Ad-Hoc|iPhone
		{8F35B43F-5B4E-45E4-A508-622863EBA411}.Ad-Hoc|iPhoneSimulator.ActiveCfg = Ad-Hoc|iPhoneSimulator
		{8F35B43F-5B4E-45E4-A508-622863EBA411}.Ad-Hoc|iPhoneSimulator.Build.0 = Ad-Hoc|iPhoneSimulator
		{8F35B43F-5B4E-45E4-A508-622863EBA411}.Ad-Hoc|iPhoneSimulator.Deploy.0 = Ad-Hoc|iPhoneSimulator
		{8F35B43F-5B4E-45E4-A508-622863EBA411}.AppStore|Any CPU.ActiveCfg = AppStore|iPhone
		{8F35B43F-5B4E-45E4-A508-622863EBA411}.AppStore|Any CPU.Build.0 = AppStore|iPhone
		{8F35B43F-5B4E-45E4-A508-622863EBA411}.AppStore|Any CPU.Deploy.0 = AppStore|iPhone
		{8F35B43F-5B4E-45E4-A508-622863EBA411}.AppStore|iPhone.ActiveCfg = AppStore|iPhone
		{8F35B43F-5B4E-45E4-A508-622863EBA411}.AppStore|iPhone.Build.0 = AppStore|iPhone
		{8F35B43F-5B4E-45E4-A508-622863EBA411}.AppStore|iPhone.Deploy.0 = AppStore|iPhone
		{8F35B43F-5B4E-45E4-A508-622863EBA411}.AppStore|iPhoneSimulator.ActiveCfg = AppStore|iPhoneSimulator
		{8F35B43F-5B4E-45E4-A508-622863EBA411}.AppStore|iPhoneSimulator.Build.0 = AppStore|iPhoneSimulator
		{8F35B43F-5B4E-45E4-A508-622863EBA411}.AppStore|iPhoneSimulator.Deploy.0 = AppStore|iPhoneSimulator
		{8F35B43F-5B4E-45E4-A508-622863EBA411}.Debug|Any CPU.ActiveCfg = Debug|iPhoneSimulator
		{8F35B43F-5B4E-45E4-A508-622863EBA411}.Debug|Any CPU.Build.0 = Debug|iPhoneSimulator
		{8F35B43F-5B4E-45E4-A508-622863EBA411}.Debug|Any CPU.Deploy.0 = Debug|iPhoneSimulator
		{8F35B43F-5B4E-45E4-A508-622863EBA411}.Debug|iPhone.ActiveCfg = Debug|iPhone
		{8F35B43F-5B4E-45E4-A508-622863EBA411}.Debug|iPhone.Build.0 = Debug|iPhone
		{8F35B43F-5B4E-45E4-A508-622863EBA411}.Debug|iPhone.Deploy.0 = Debug|iPhone
		{8F35B43F-5B4E-45E4-A508-622863EBA411}.Debug|iPhoneSimulator.ActiveCfg = Debug|iPhoneSimulator
		{8F35B43F-5B4E-45E4-A508-622863EBA411}.Debug|iPhoneSimulator.Build.0 = Debug|iPhoneSimulator
		{8F35B43F-5B4E-45E4-A508-622863EBA411}.Debug|iPhoneSimulator.Deploy.0 = Debug|iPhoneSimulator
		{8F35B43F-5B4E-45E4-A508-622863EBA411}.Release|Any CPU.ActiveCfg = Release|iPhone
		{8F35B43F-5B4E-45E4-A508-622863EBA411}.Release|Any CPU.Build.0 = Release|iPhone
		{8F35B43F-5B4E-45E4-A508-622863EBA411}.Release|Any CPU.Deploy.0 = Release|iPhone
		{8F35B43F-5B4E-45E4-A508-622863EBA411}.Release|iPhone.ActiveCfg = Release|iPhone
		{8F35B43F-5B4E-45E4-A508-622863EBA411}.Release|iPhone.Build.0 = Release|iPhone
		{8F35B43F-5B4E-45E4-A508-622863EBA411}.Release|iPhone.Deploy.0 = Release|iPhone
		{8F35B43F-5B4E-45E4-A508-622863EBA411}.Release|iPhoneSimulator.ActiveCfg = Release|iPhoneSimulator
		{8F35B43F-5B4E-45E4-A508-622863EBA411}.Release|iPhoneSimulator.Build.0 = Release|iPhoneSimulator
		{8F35B43F-5B4E-45E4-A508-622863EBA411}.Release|iPhoneSimulator.Deploy.0 = Release|iPhoneSimulator
		{D9CCA7CB-7C59-4AF3-9AB5-C1B0EA96177B}.Ad-Hoc|Any CPU.ActiveCfg = Debug|Any CPU
		{D9CCA7CB-7C59-4AF3-9AB5-C1B0EA96177B}.Ad-Hoc|Any CPU.Build.0 = Debug|Any CPU
		{D9CCA7CB-7C59-4AF3-9AB5-C1B0EA96177B}.Ad-Hoc|Any CPU.Deploy.0 = Debug|Any CPU
		{D9CCA7CB-7C59-4AF3-9AB5-C1B0EA96177B}.Ad-Hoc|iPhone.ActiveCfg = Debug|Any CPU
		{D9CCA7CB-7C59-4AF3-9AB5-C1B0EA96177B}.Ad-Hoc|iPhone.Build.0 = Debug|Any CPU
		{D9CCA7CB-7C59-4AF3-9AB5-C1B0EA96177B}.Ad-Hoc|iPhone.Deploy.0 = Debug|Any CPU
		{D9CCA7CB-7C59-4AF3-9AB5-C1B0EA96177B}.Ad-Hoc|iPhoneSimulator.ActiveCfg = Debug|Any CPU
		{D9CCA7CB-7C59-4AF3-9AB5-C1B0EA96177B}.Ad-Hoc|iPhoneSimulator.Build.0 = Debug|Any CPU
		{D9CCA7CB-7C59-4AF3-9AB5-C1B0EA96177B}.Ad-Hoc|iPhoneSimulator.Deploy.0 = Debug|Any CPU
		{D9CCA7CB-7C59-4AF3-9AB5-C1B0EA96177B}.AppStore|Any CPU.ActiveCfg = Debug|Any CPU
		{D9CCA7CB-7C59-4AF3-9AB5-C1B0EA96177B}.AppStore|Any CPU.Build.0 = Debug|Any CPU
		{D9CCA7CB-7C59-4AF3-9AB5-C1B0EA96177B}.AppStore|Any CPU.Deploy.0 = Debug|Any CPU
		{D9CCA7CB-7C59-4AF3-9AB5-C1B0EA96177B}.AppStore|iPhone.ActiveCfg = Debug|Any CPU
		{D9CCA7CB-7C59-4AF3-9AB5-C1B0EA96177B}.AppStore|iPhone.Build.0 = Debug|Any CPU
		{D9CCA7CB-7C59-4AF3-9AB5-C1B0EA96177B}.AppStore|iPhone.Deploy.0 = Debug|Any CPU
		{D9CCA7CB-7C59-4AF3-9AB5-C1B0EA96177B}.AppStore|iPhoneSimulator.ActiveCfg = Debug|Any CPU
		{D9CCA7CB-7C59-4AF3-9AB5-C1B0EA96177B}.AppStore|iPhoneSimulator.Build.0 = Debug|Any CPU
		{D9CCA7CB-7C59-4AF3-9AB5-C1B0EA96177B}.AppStore|iPhoneSimulator.Deploy.0 = Debug|Any CPU
		{D9CCA7CB-7C59-4AF3-9AB5-C1B0EA96177B}.Debug|Any CPU.ActiveCfg = Debug|Any CPU
		{D9CCA7CB-7C59-4AF3-9AB5-C1B0EA96177B}.Debug|Any CPU.Build.0 = Debug|Any CPU
		{D9CCA7CB-7C59-4AF3-9AB5-C1B0EA96177B}.Debug|Any CPU.Deploy.0 = Debug|Any CPU
		{D9CCA7CB-7C59-4AF3-9AB5-C1B0EA96177B}.Debug|iPhone.ActiveCfg = Debug|Any CPU
		{D9CCA7CB-7C59-4AF3-9AB5-C1B0EA96177B}.Debug|iPhone.Build.0 = Debug|Any CPU
		{D9CCA7CB-7C59-4AF3-9AB5-C1B0EA96177B}.Debug|iPhone.Deploy.0 = Debug|Any CPU
		{D9CCA7CB-7C59-4AF3-9AB5-C1B0EA96177B}.Debug|iPhoneSimulator.ActiveCfg = Debug|Any CPU
		{D9CCA7CB-7C59-4AF3-9AB5-C1B0EA96177B}.Debug|iPhoneSimulator.Build.0 = Debug|Any CPU
		{D9CCA7CB-7C59-4AF3-9AB5-C1B0EA96177B}.Debug|iPhoneSimulator.Deploy.0 = Debug|Any CPU
		{D9CCA7CB-7C59-4AF3-9AB5-C1B0EA96177B}.Release|Any CPU.ActiveCfg = Release|Any CPU
		{D9CCA7CB-7C59-4AF3-9AB5-C1B0EA96177B}.Release|Any CPU.Build.0 = Release|Any CPU
		{D9CCA7CB-7C59-4AF3-9AB5-C1B0EA96177B}.Release|Any CPU.Deploy.0 = Release|Any CPU
		{D9CCA7CB-7C59-4AF3-9AB5-C1B0EA96177B}.Release|iPhone.ActiveCfg = Release|Any CPU
		{D9CCA7CB-7C59-4AF3-9AB5-C1B0EA96177B}.Release|iPhone.Build.0 = Release|Any CPU
		{D9CCA7CB-7C59-4AF3-9AB5-C1B0EA96177B}.Release|iPhone.Deploy.0 = Release|Any CPU
		{D9CCA7CB-7C59-4AF3-9AB5-C1B0EA96177B}.Release|iPhoneSimulator.ActiveCfg = Release|Any CPU
		{D9CCA7CB-7C59-4AF3-9AB5-C1B0EA96177B}.Release|iPhoneSimulator.Build.0 = Release|Any CPU
		{D9CCA7CB-7C59-4AF3-9AB5-C1B0EA96177B}.Release|iPhoneSimulator.Deploy.0 = Release|Any CPU
	EndGlobalSection
	GlobalSection(SolutionProperties) = preSolution
		HideSolutionNode = FALSE
	EndGlobalSection
	GlobalSection(ExtensibilityGlobals) = postSolution
		SolutionGuid = {76B913FC-1466-4B38-9B99-B77CF00DB47B}
	EndGlobalSection
EndGlobal
